
Microsoft Visual Studio Solution File, Format Version 12.00
# Visual Studio Version 17
VisualStudioVersion = 17.12.35707.178
MinimumVisualStudioVersion = 10.0.40219.1
Project("{FAE04EC0-301F-11D3-BF4B-00C04F79EFBC}") = "Ex1", "Ex1\Ex1.csproj", "{FC9FEA5E-0BAD-4353-95FC-1251D7308F36}"
EndProject
Project("{FAE04EC0-301F-11D3-BF4B-00C04F79EFBC}") = "Ex2", "Ex2\Ex2.csproj", "{2371A0DD-4077-455B-814F-2E855C451C85}"
EndProject
Project("{FAE04EC0-301F-11D3-BF4B-00C04F79EFBC}") = "Ex3", "Ex3\Ex3.csproj", "{53505D34-8932-45AB-953F-BBC134D0DF4F}"
EndProject
Project("{FAE04EC0-301F-11D3-BF4B-00C04F79EFBC}") = "Ex4", "Ex4\Ex4.csproj", "{EC755E9D-D477-41F9-9796-79CCF6C50758}"
EndProject
Project("{FAE04EC0-301F-11D3-BF4B-00C04F79EFBC}") = "Ex5", "Ex5\Ex5.csproj", "{E1AD8A31-C542-47C2-AFB1-D233B52ABC08}"
EndProject
Project("{FAE04EC0-301F-11D3-BF4B-00C04F79EFBC}") = "Ex6", "Ex6\Ex6.csproj", "{B0C82F5B-0A7F-4A67-B241-C3F9DBFF4EC4}"
EndProject
Project("{FAE04EC0-301F-11D3-BF4B-00C04F79EFBC}") = "Ex7", "Ex7\Ex7.csproj", "{BD5DE879-5AA6-4432-AB21-5A1FCCB6AF49}"
EndProject
Project("{FAE04EC0-301F-11D3-BF4B-00C04F79EFBC}") = "Ex8", "Ex8\Ex8.csproj", "{13539123-4EBF-424D-B17E-BEF64019A920}"
EndProject
Project("{FAE04EC0-301F-11D3-BF4B-00C04F79EFBC}") = "Ex10", "Ex10\Ex10.csproj", "{BE46C651-FFAD-493E-AAC4-E2AE285AF4EB}"
EndProject
Project("{FAE04EC0-301F-11D3-BF4B-00C04F79EFBC}") = "Ex11", "Ex11\Ex11.csproj", "{BD359382-A2C4-496B-AD4B-88B304265DB6}"
EndProject
Project("{FAE04EC0-301F-11D3-BF4B-00C04F79EFBC}") = "Ex12", "Ex12\Ex12.csproj", "{69199266-E0D0-4166-B0B3-B9DBDE35D7E6}"
EndProject
Global
	GlobalSection(SolutionConfigurationPlatforms) = preSolution
		Debug|Any CPU = Debug|Any CPU
		Release|Any CPU = Release|Any CPU
	EndGlobalSection
	GlobalSection(ProjectConfigurationPlatforms) = postSolution
		{FC9FEA5E-0BAD-4353-95FC-1251D7308F36}.Debug|Any CPU.ActiveCfg = Debug|Any CPU
		{FC9FEA5E-0BAD-4353-95FC-1251D7308F36}.Debug|Any CPU.Build.0 = Debug|Any CPU
		{FC9FEA5E-0BAD-4353-95FC-1251D7308F36}.Release|Any CPU.ActiveCfg = Release|Any CPU
		{FC9FEA5E-0BAD-4353-95FC-1251D7308F36}.Release|Any CPU.Build.0 = Release|Any CPU
		{2371A0DD-4077-455B-814F-2E855C451C85}.Debug|Any CPU.ActiveCfg = Debug|Any CPU
		{2371A0DD-4077-455B-814F-2E855C451C85}.Debug|Any CPU.Build.0 = Debug|Any CPU
		{2371A0DD-4077-455B-814F-2E855C451C85}.Release|Any CPU.ActiveCfg = Release|Any CPU
		{2371A0DD-4077-455B-814F-2E855C451C85}.Release|Any CPU.Build.0 = Release|Any CPU
		{53505D34-8932-45AB-953F-BBC134D0DF4F}.Debug|Any CPU.ActiveCfg = Debug|Any CPU
		{53505D34-8932-45AB-953F-BBC134D0DF4F}.Debug|Any CPU.Build.0 = Debug|Any CPU
		{53505D34-8932-45AB-953F-BBC134D0DF4F}.Release|Any CPU.ActiveCfg = Release|Any CPU
		{53505D34-8932-45AB-953F-BBC134D0DF4F}.Release|Any CPU.Build.0 = Release|Any CPU
		{EC755E9D-D477-41F9-9796-79CCF6C50758}.Debug|Any CPU.ActiveCfg = Debug|Any CPU
		{EC755E9D-D477-41F9-9796-79CCF6C50758}.Debug|Any CPU.Build.0 = Debug|Any CPU
		{EC755E9D-D477-41F9-9796-79CCF6C50758}.Release|Any CPU.ActiveCfg = Release|Any CPU
		{EC755E9D-D477-41F9-9796-79CCF6C50758}.Release|Any CPU.Build.0 = Release|Any CPU
		{E1AD8A31-C542-47C2-AFB1-D233B52ABC08}.Debug|Any CPU.ActiveCfg = Debug|Any CPU
		{E1AD8A31-C542-47C2-AFB1-D233B52ABC08}.Debug|Any CPU.Build.0 = Debug|Any CPU
		{E1AD8A31-C542-47C2-AFB1-D233B52ABC08}.Release|Any CPU.ActiveCfg = Release|Any CPU
		{E1AD8A31-C542-47C2-AFB1-D233B52ABC08}.Release|Any CPU.Build.0 = Release|Any CPU
		{B0C82F5B-0A7F-4A67-B241-C3F9DBFF4EC4}.Debug|Any CPU.ActiveCfg = Debug|Any CPU
		{B0C82F5B-0A7F-4A67-B241-C3F9DBFF4EC4}.Debug|Any CPU.Build.0 = Debug|Any CPU
		{B0C82F5B-0A7F-4A67-B241-C3F9DBFF4EC4}.Release|Any CPU.ActiveCfg = Release|Any CPU
		{B0C82F5B-0A7F-4A67-B241-C3F9DBFF4EC4}.Release|Any CPU.Build.0 = Release|Any CPU
		{BD5DE879-5AA6-4432-AB21-5A1FCCB6AF49}.Debug|Any CPU.ActiveCfg = Debug|Any CPU
		{BD5DE879-5AA6-4432-AB21-5A1FCCB6AF49}.Debug|Any CPU.Build.0 = Debug|Any CPU
		{BD5DE879-5AA6-4432-AB21-5A1FCCB6AF49}.Release|Any CPU.ActiveCfg = Release|Any CPU
		{BD5DE879-5AA6-4432-AB21-5A1FCCB6AF49}.Release|Any CPU.Build.0 = Release|Any CPU
		{13539123-4EBF-424D-B17E-BEF64019A920}.Debug|Any CPU.ActiveCfg = Debug|Any CPU
		{13539123-4EBF-424D-B17E-BEF64019A920}.Debug|Any CPU.Build.0 = Debug|Any CPU
		{13539123-4EBF-424D-B17E-BEF64019A920}.Release|Any CPU.ActiveCfg = Release|Any CPU
		{13539123-4EBF-424D-B17E-BEF64019A920}.Release|Any CPU.Build.0 = Release|Any CPU
		{BE46C651-FFAD-493E-AAC4-E2AE285AF4EB}.Debug|Any CPU.ActiveCfg = Debug|Any CPU
		{BE46C651-FFAD-493E-AAC4-E2AE285AF4EB}.Debug|Any CPU.Build.0 = Debug|Any CPU
		{BE46C651-FFAD-493E-AAC4-E2AE285AF4EB}.Release|Any CPU.ActiveCfg = Release|Any CPU
		{BE46C651-FFAD-493E-AAC4-E2AE285AF4EB}.Release|Any CPU.Build.0 = Release|Any CPU
		{BD359382-A2C4-496B-AD4B-88B304265DB6}.Debug|Any CPU.ActiveCfg = Debug|Any CPU
		{BD359382-A2C4-496B-AD4B-88B304265DB6}.Debug|Any CPU.Build.0 = Debug|Any CPU
		{BD359382-A2C4-496B-AD4B-88B304265DB6}.Release|Any CPU.ActiveCfg = Release|Any CPU
		{BD359382-A2C4-496B-AD4B-88B304265DB6}.Release|Any CPU.Build.0 = Release|Any CPU
		{69199266-E0D0-4166-B0B3-B9DBDE35D7E6}.Debug|Any CPU.ActiveCfg = Debug|Any CPU
		{69199266-E0D0-4166-B0B3-B9DBDE35D7E6}.Debug|Any CPU.Build.0 = Debug|Any CPU
		{69199266-E0D0-4166-B0B3-B9DBDE35D7E6}.Release|Any CPU.ActiveCfg = Release|Any CPU
		{69199266-E0D0-4166-B0B3-B9DBDE35D7E6}.Release|Any CPU.Build.0 = Release|Any CPU
	EndGlobalSection
	GlobalSection(SolutionProperties) = preSolution
		HideSolutionNode = FALSE
	EndGlobalSection
EndGlobal
