
Microsoft Visual Studio Solution File, Format Version 12.00
# Visual Studio Version 17
VisualStudioVersion = 17.12.35707.178
MinimumVisualStudioVersion = 10.0.40219.1
Project("{FAE04EC0-301F-11D3-BF4B-00C04F79EFBC}") = "EX1", "Ex1\EX1.csproj", "{314687AD-E412-4D1D-95C8-C9ABCE3C1D17}"
EndProject
Project("{FAE04EC0-301F-11D3-BF4B-00C04F79EFBC}") = "EX2", "EX2\EX2.csproj", "{93954CC6-E065-435D-A9F5-A8EC91925965}"
EndProject
Project("{FAE04EC0-301F-11D3-BF4B-00C04F79EFBC}") = "EX3", "EX3\EX3.csproj", "{45418A8D-B5F9-41B1-9E70-3EFDEA0D1E74}"
EndProject
Project("{FAE04EC0-301F-11D3-BF4B-00C04F79EFBC}") = "EX4", "EX4\EX4.csproj", "{20D1413C-04A2-4ACE-B44B-DF8A929B54A1}"
EndProject
Project("{FAE04EC0-301F-11D3-BF4B-00C04F79EFBC}") = "EX5", "EX5\EX5.csproj", "{C4EB7A1D-06CB-452F-B0A1-C342E546A43E}"
EndProject
Project("{FAE04EC0-301F-11D3-BF4B-00C04F79EFBC}") = "EX6", "EX6\EX6.csproj", "{36E175B3-F984-4B5A-A517-D6C63FDF72CE}"
EndProject
Project("{FAE04EC0-301F-11D3-BF4B-00C04F79EFBC}") = "EX7", "EX7\EX7.csproj", "{2CCACCFC-1771-4EE1-B1AA-24BF2AB0CA3C}"
EndProject
Project("{FAE04EC0-301F-11D3-BF4B-00C04F79EFBC}") = "EX8", "EX8\EX8.csproj", "{EB522712-DE5E-43C4-8D37-DE49DBA59BBA}"
EndProject
Project("{FAE04EC0-301F-11D3-BF4B-00C04F79EFBC}") = "EX9", "EX9\EX9.csproj", "{237C35FF-F4BF-42A9-957E-D7C1B936D0A3}"
EndProject
Project("{FAE04EC0-301F-11D3-BF4B-00C04F79EFBC}") = "EX10", "EX10\EX10.csproj", "{66AABD16-6C13-4C32-9DAD-8FFFAC3A9D72}"
EndProject
Project("{FAE04EC0-301F-11D3-BF4B-00C04F79EFBC}") = "EX11", "EX11\EX11.csproj", "{9D35FF09-42D1-404E-AD5A-1559827612BB}"
EndProject
Project("{FAE04EC0-301F-11D3-BF4B-00C04F79EFBC}") = "EX12", "EX12\EX12.csproj", "{6BC78585-993E-45A6-927A-C6767B814951}"
EndProject
Global
	GlobalSection(SolutionConfigurationPlatforms) = preSolution
		Debug|Any CPU = Debug|Any CPU
		Release|Any CPU = Release|Any CPU
	EndGlobalSection
	GlobalSection(ProjectConfigurationPlatforms) = postSolution
		{314687AD-E412-4D1D-95C8-C9ABCE3C1D17}.Debug|Any CPU.ActiveCfg = Debug|Any CPU
		{314687AD-E412-4D1D-95C8-C9ABCE3C1D17}.Debug|Any CPU.Build.0 = Debug|Any CPU
		{314687AD-E412-4D1D-95C8-C9ABCE3C1D17}.Release|Any CPU.ActiveCfg = Release|Any CPU
		{314687AD-E412-4D1D-95C8-C9ABCE3C1D17}.Release|Any CPU.Build.0 = Release|Any CPU
		{93954CC6-E065-435D-A9F5-A8EC91925965}.Debug|Any CPU.ActiveCfg = Debug|Any CPU
		{93954CC6-E065-435D-A9F5-A8EC91925965}.Debug|Any CPU.Build.0 = Debug|Any CPU
		{93954CC6-E065-435D-A9F5-A8EC91925965}.Release|Any CPU.ActiveCfg = Release|Any CPU
		{93954CC6-E065-435D-A9F5-A8EC91925965}.Release|Any CPU.Build.0 = Release|Any CPU
		{45418A8D-B5F9-41B1-9E70-3EFDEA0D1E74}.Debug|Any CPU.ActiveCfg = Debug|Any CPU
		{45418A8D-B5F9-41B1-9E70-3EFDEA0D1E74}.Debug|Any CPU.Build.0 = Debug|Any CPU
		{45418A8D-B5F9-41B1-9E70-3EFDEA0D1E74}.Release|Any CPU.ActiveCfg = Release|Any CPU
		{45418A8D-B5F9-41B1-9E70-3EFDEA0D1E74}.Release|Any CPU.Build.0 = Release|Any CPU
		{20D1413C-04A2-4ACE-B44B-DF8A929B54A1}.Debug|Any CPU.ActiveCfg = Debug|Any CPU
		{20D1413C-04A2-4ACE-B44B-DF8A929B54A1}.Debug|Any CPU.Build.0 = Debug|Any CPU
		{20D1413C-04A2-4ACE-B44B-DF8A929B54A1}.Release|Any CPU.ActiveCfg = Release|Any CPU
		{20D1413C-04A2-4ACE-B44B-DF8A929B54A1}.Release|Any CPU.Build.0 = Release|Any CPU
		{C4EB7A1D-06CB-452F-B0A1-C342E546A43E}.Debug|Any CPU.ActiveCfg = Debug|Any CPU
		{C4EB7A1D-06CB-452F-B0A1-C342E546A43E}.Debug|Any CPU.Build.0 = Debug|Any CPU
		{C4EB7A1D-06CB-452F-B0A1-C342E546A43E}.Release|Any CPU.ActiveCfg = Release|Any CPU
		{C4EB7A1D-06CB-452F-B0A1-C342E546A43E}.Release|Any CPU.Build.0 = Release|Any CPU
		{36E175B3-F984-4B5A-A517-D6C63FDF72CE}.Debug|Any CPU.ActiveCfg = Debug|Any CPU
		{36E175B3-F984-4B5A-A517-D6C63FDF72CE}.Debug|Any CPU.Build.0 = Debug|Any CPU
		{36E175B3-F984-4B5A-A517-D6C63FDF72CE}.Release|Any CPU.ActiveCfg = Release|Any CPU
		{36E175B3-F984-4B5A-A517-D6C63FDF72CE}.Release|Any CPU.Build.0 = Release|Any CPU
		{2CCACCFC-1771-4EE1-B1AA-24BF2AB0CA3C}.Debug|Any CPU.ActiveCfg = Debug|Any CPU
		{2CCACCFC-1771-4EE1-B1AA-24BF2AB0CA3C}.Debug|Any CPU.Build.0 = Debug|Any CPU
		{2CCACCFC-1771-4EE1-B1AA-24BF2AB0CA3C}.Release|Any CPU.ActiveCfg = Release|Any CPU
		{2CCACCFC-1771-4EE1-B1AA-24BF2AB0CA3C}.Release|Any CPU.Build.0 = Release|Any CPU
		{EB522712-DE5E-43C4-8D37-DE49DBA59BBA}.Debug|Any CPU.ActiveCfg = Debug|Any CPU
		{EB522712-DE5E-43C4-8D37-DE49DBA59BBA}.Debug|Any CPU.Build.0 = Debug|Any CPU
		{EB522712-DE5E-43C4-8D37-DE49DBA59BBA}.Release|Any CPU.ActiveCfg = Release|Any CPU
		{EB522712-DE5E-43C4-8D37-DE49DBA59BBA}.Release|Any CPU.Build.0 = Release|Any CPU
		{237C35FF-F4BF-42A9-957E-D7C1B936D0A3}.Debug|Any CPU.ActiveCfg = Debug|Any CPU
		{237C35FF-F4BF-42A9-957E-D7C1B936D0A3}.Debug|Any CPU.Build.0 = Debug|Any CPU
		{237C35FF-F4BF-42A9-957E-D7C1B936D0A3}.Release|Any CPU.ActiveCfg = Release|Any CPU
		{237C35FF-F4BF-42A9-957E-D7C1B936D0A3}.Release|Any CPU.Build.0 = Release|Any CPU
		{66AABD16-6C13-4C32-9DAD-8FFFAC3A9D72}.Debug|Any CPU.ActiveCfg = Debug|Any CPU
		{66AABD16-6C13-4C32-9DAD-8FFFAC3A9D72}.Debug|Any CPU.Build.0 = Debug|Any CPU
		{66AABD16-6C13-4C32-9DAD-8FFFAC3A9D72}.Release|Any CPU.ActiveCfg = Release|Any CPU
		{66AABD16-6C13-4C32-9DAD-8FFFAC3A9D72}.Release|Any CPU.Build.0 = Release|Any CPU
		{9D35FF09-42D1-404E-AD5A-1559827612BB}.Debug|Any CPU.ActiveCfg = Debug|Any CPU
		{9D35FF09-42D1-404E-AD5A-1559827612BB}.Debug|Any CPU.Build.0 = Debug|Any CPU
		{9D35FF09-42D1-404E-AD5A-1559827612BB}.Release|Any CPU.ActiveCfg = Release|Any CPU
		{9D35FF09-42D1-404E-AD5A-1559827612BB}.Release|Any CPU.Build.0 = Release|Any CPU
		{6BC78585-993E-45A6-927A-C6767B814951}.Debug|Any CPU.ActiveCfg = Debug|Any CPU
		{6BC78585-993E-45A6-927A-C6767B814951}.Debug|Any CPU.Build.0 = Debug|Any CPU
		{6BC78585-993E-45A6-927A-C6767B814951}.Release|Any CPU.ActiveCfg = Release|Any CPU
		{6BC78585-993E-45A6-927A-C6767B814951}.Release|Any CPU.Build.0 = Release|Any CPU
	EndGlobalSection
	GlobalSection(SolutionProperties) = preSolution
		HideSolutionNode = FALSE
	EndGlobalSection
EndGlobal
